
Microsoft Visual Studio Solution File, Format Version 12.00
# Visual Studio Version 16
VisualStudioVersion = 16.0.30804.86
MinimumVisualStudioVersion = 10.0.40219.1
Project("{FAE04EC0-301F-11D3-BF4B-00C04F79EFBC}") = "PFComSelfhostedServer", "PFComSelfhostedServer\PFComSelfhostedServer.csproj", "{C573B0B0-FE1C-462D-B4F6-37CAC6873361}"
EndProject
Global
	GlobalSection(SolutionConfigurationPlatforms) = preSolution
		Debug|Any CPU = Debug|Any CPU
		Release|Any CPU = Release|Any CPU
	EndGlobalSection
	GlobalSection(ProjectConfigurationPlatforms) = postSolution
		{C573B0B0-FE1C-462D-B4F6-37CAC6873361}.Debug|Any CPU.ActiveCfg = Debug|Any CPU
		{C573B0B0-FE1C-462D-B4F6-37CAC6873361}.Debug|Any CPU.Build.0 = Debug|Any CPU
		{C573B0B0-FE1C-462D-B4F6-37CAC6873361}.Release|Any CPU.ActiveCfg = Release|Any CPU
		{C573B0B0-FE1C-462D-B4F6-37CAC6873361}.Release|Any CPU.Build.0 = Release|Any CPU
	EndGlobalSection
	GlobalSection(SolutionProperties) = preSolution
		HideSolutionNode = FALSE
	EndGlobalSection
	GlobalSection(ExtensibilityGlobals) = postSolution
		SolutionGuid = {C8A49E86-1F90-4569-ADF1-6641D1730D80}
	EndGlobalSection
EndGlobal
